
Microsoft Visual Studio Solution File, Format Version 12.00
# Visual Studio 14
VisualStudioVersion = 14.0.25123.0
MinimumVisualStudioVersion = 10.0.40219.1
Project("{FAE04EC0-301F-11D3-BF4B-00C04F79EFBC}") = "WindowsFormsApplication1", "WindowsFormsApplication1\WindowsFormsApplication1.csproj", "{E7B3997F-6A15-4908-A73B-96689A204039}"
EndProject
Project("{FAE04EC0-301F-11D3-BF4B-00C04F79EFBC}") = "WindowsFormsApplication2", "WindowsFormsApplication2\WindowsFormsApplication2.csproj", "{0EDE3B3A-E1BB-47A6-A717-40B05ACA513D}"
EndProject
Project("{E24C65DC-7377-472B-9ABA-BC803B73C61A}") = "WebSite7", "..\..\..\..\Documents\Visual Studio 2015\WebSites\WebSite7\", "{F56DE58E-811C-4034-AA26-A29FA56107CC}"
	ProjectSection(WebsiteProperties) = preProject
		TargetFrameworkMoniker = ".NETFramework,Version%3Dv4.5.2"
		Debug.AspNetCompiler.VirtualPath = "/localhost_5984"
		Debug.AspNetCompiler.PhysicalPath = "..\..\..\..\Documents\Visual Studio 2015\WebSites\WebSite7\"
		Debug.AspNetCompiler.TargetPath = "PrecompiledWeb\localhost_5984\"
		Debug.AspNetCompiler.Updateable = "true"
		Debug.AspNetCompiler.ForceOverwrite = "true"
		Debug.AspNetCompiler.FixedNames = "false"
		Debug.AspNetCompiler.Debug = "True"
		Release.AspNetCompiler.VirtualPath = "/localhost_5984"
		Release.AspNetCompiler.PhysicalPath = "..\..\..\..\Documents\Visual Studio 2015\WebSites\WebSite7\"
		Release.AspNetCompiler.TargetPath = "PrecompiledWeb\localhost_5984\"
		Release.AspNetCompiler.Updateable = "true"
		Release.AspNetCompiler.ForceOverwrite = "true"
		Release.AspNetCompiler.FixedNames = "false"
		Release.AspNetCompiler.Debug = "False"
		VWDPort = "5984"
		SlnRelativePath = "..\..\..\..\Documents\Visual Studio 2015\WebSites\WebSite7\"
		DefaultWebSiteLanguage = "Visual Basic"
	EndProjectSection
EndProject
Project("{FAE04EC0-301F-11D3-BF4B-00C04F79EFBC}") = "WebApp", "WebApp\WebApp.csproj", "{15A438DB-43FE-499A-9A51-EC4F89EB0927}"
EndProject
Project("{FAE04EC0-301F-11D3-BF4B-00C04F79EFBC}") = "Alegria Enbotellada", "WebApplication1\Alegria Enbotellada.csproj", "{5075DF1A-595B-4FB6-9417-9E5AF56AFA55}"
EndProject
Global
	GlobalSection(SolutionConfigurationPlatforms) = preSolution
		Debug|Any CPU = Debug|Any CPU
		Release|Any CPU = Release|Any CPU
	EndGlobalSection
	GlobalSection(ProjectConfigurationPlatforms) = postSolution
		{E7B3997F-6A15-4908-A73B-96689A204039}.Debug|Any CPU.ActiveCfg = Debug|Any CPU
		{E7B3997F-6A15-4908-A73B-96689A204039}.Debug|Any CPU.Build.0 = Debug|Any CPU
		{E7B3997F-6A15-4908-A73B-96689A204039}.Release|Any CPU.ActiveCfg = Release|Any CPU
		{E7B3997F-6A15-4908-A73B-96689A204039}.Release|Any CPU.Build.0 = Release|Any CPU
		{0EDE3B3A-E1BB-47A6-A717-40B05ACA513D}.Debug|Any CPU.ActiveCfg = Debug|Any CPU
		{0EDE3B3A-E1BB-47A6-A717-40B05ACA513D}.Debug|Any CPU.Build.0 = Debug|Any CPU
		{0EDE3B3A-E1BB-47A6-A717-40B05ACA513D}.Release|Any CPU.ActiveCfg = Release|Any CPU
		{0EDE3B3A-E1BB-47A6-A717-40B05ACA513D}.Release|Any CPU.Build.0 = Release|Any CPU
		{F56DE58E-811C-4034-AA26-A29FA56107CC}.Debug|Any CPU.ActiveCfg = Debug|Any CPU
		{F56DE58E-811C-4034-AA26-A29FA56107CC}.Debug|Any CPU.Build.0 = Debug|Any CPU
		{F56DE58E-811C-4034-AA26-A29FA56107CC}.Release|Any CPU.ActiveCfg = Debug|Any CPU
		{F56DE58E-811C-4034-AA26-A29FA56107CC}.Release|Any CPU.Build.0 = Debug|Any CPU
		{15A438DB-43FE-499A-9A51-EC4F89EB0927}.Debug|Any CPU.ActiveCfg = Debug|Any CPU
		{15A438DB-43FE-499A-9A51-EC4F89EB0927}.Debug|Any CPU.Build.0 = Debug|Any CPU
		{15A438DB-43FE-499A-9A51-EC4F89EB0927}.Release|Any CPU.ActiveCfg = Release|Any CPU
		{15A438DB-43FE-499A-9A51-EC4F89EB0927}.Release|Any CPU.Build.0 = Release|Any CPU
		{5075DF1A-595B-4FB6-9417-9E5AF56AFA55}.Debug|Any CPU.ActiveCfg = Debug|Any CPU
		{5075DF1A-595B-4FB6-9417-9E5AF56AFA55}.Debug|Any CPU.Build.0 = Debug|Any CPU
		{5075DF1A-595B-4FB6-9417-9E5AF56AFA55}.Release|Any CPU.ActiveCfg = Release|Any CPU
		{5075DF1A-595B-4FB6-9417-9E5AF56AFA55}.Release|Any CPU.Build.0 = Release|Any CPU
	EndGlobalSection
	GlobalSection(SolutionProperties) = preSolution
		HideSolutionNode = FALSE
	EndGlobalSection
EndGlobal
